
Microsoft Visual Studio Solution File, Format Version 12.00
# Visual Studio Version 16
VisualStudioVersion = 25.0.1704.1
MinimumVisualStudioVersion = 10.0.40219.1
Project("{FAE04EC0-301F-11D3-BF4B-00C04F79EFBC}") = "FastPay.Moves.WebApi", "FastPay.Moves.WebApi\FastPay.Moves.WebApi.csproj", "{E694B545-35C5-4494-83D1-8346DBE17FAD}"
EndProject
Project("{2150E333-8FDC-42A3-9474-1A3956D46DE8}") = "Profile", "Profile", "{82B9C406-3435-49FA-94DD-1540E6A6CD88}"
EndProject
Project("{2150E333-8FDC-42A3-9474-1A3956D46DE8}") = "Payments", "Payments", "{D5CDE747-F574-4596-A8A5-BD7F07B2B484}"
EndProject
Project("{2150E333-8FDC-42A3-9474-1A3956D46DE8}") = "Application", "Application", "{42AA7F44-23EF-4442-B4FE-F000BCD72AE3}"
EndProject
Project("{2150E333-8FDC-42A3-9474-1A3956D46DE8}") = "Domain", "Domain", "{6756B5DD-890C-4C3D-9BD6-BA8E7793639F}"
EndProject
Project("{2150E333-8FDC-42A3-9474-1A3956D46DE8}") = "Infrastructure", "Infrastructure", "{24EAFB06-5246-4544-ADCC-098626E4D08E}"
EndProject
Project("{2150E333-8FDC-42A3-9474-1A3956D46DE8}") = "WebUI", "WebUI", "{F6897BDE-6FE3-4D6F-B055-AB85DED46FA7}"
EndProject
Project("{FAE04EC0-301F-11D3-BF4B-00C04F79EFBC}") = "FastPay.Profile.Application", "Profile\Application\FastPay.Profile.Application\FastPay.Profile.Application.csproj", "{624D77C9-A59F-46A3-821A-31F5E30ECB44}"
EndProject
Project("{FAE04EC0-301F-11D3-BF4B-00C04F79EFBC}") = "FastPay.Profile.Domain", "Profile\Domain\FastPay.Profile.Domain\FastPay.Profile.Domain.csproj", "{90246AE8-A41A-42DB-8A8F-8731BE52ABE3}"
EndProject
Project("{FAE04EC0-301F-11D3-BF4B-00C04F79EFBC}") = "FastPay.Profile.Infrastructure", "Profile\Infrastructure\FastPay.Profile.Infrastructure\FastPay.Profile.Infrastructure.csproj", "{069CDC94-5816-4A01-B492-1D713A2A17B3}"
EndProject
Project("{FAE04EC0-301F-11D3-BF4B-00C04F79EFBC}") = "FastPay.Profile.WebUI", "Profile\WebUI\FastPay.Profile.WebUI\FastPay.Profile.WebUI.csproj", "{5A8741B7-77E5-4E62-8A61-0EC8B20D44E5}"
EndProject
Project("{2150E333-8FDC-42A3-9474-1A3956D46DE8}") = "Application", "Application", "{999F2741-4C30-4356-B375-10E2EA279B00}"
EndProject
Project("{2150E333-8FDC-42A3-9474-1A3956D46DE8}") = "Domain", "Domain", "{F9011136-8BDC-41B5-AD95-1A40891E2C0D}"
EndProject
Project("{2150E333-8FDC-42A3-9474-1A3956D46DE8}") = "Infrastructure", "Infrastructure", "{1B8544BF-49DB-4BEF-83ED-5393D5FE4372}"
EndProject
Project("{2150E333-8FDC-42A3-9474-1A3956D46DE8}") = "WebUI", "WebUI", "{CAB88CFC-988B-4BC4-988B-089D618F6035}"
EndProject
Project("{9344BDBB-3E7F-41FC-A0DD-8665D75EE146}") = "FastPay.Payments.Application", "Moves\Application\FastPay.Payments.Application\FastPay.Payments.Application.csproj", "{0511CC05-B19D-4D4D-826C-12F85681D120}"
EndProject
Project("{FAE04EC0-301F-11D3-BF4B-00C04F79EFBC}") = "FastPay.Payments.Application", "Payments\Application\FastPay.Payments.Application\FastPay.Payments.Application.csproj", "{852D5D3F-248F-4540-98F5-5D613121EC23}"
EndProject
Project("{FAE04EC0-301F-11D3-BF4B-00C04F79EFBC}") = "FastPay.Payments.Domain", "Payments\Domain\FastPay.Payments.Domain\FastPay.Payments.Domain.csproj", "{860F2641-47C3-43F9-AED7-2BF235A4FDC2}"
EndProject
Project("{FAE04EC0-301F-11D3-BF4B-00C04F79EFBC}") = "FastPay.Payments.Infrastructure", "Payments\Infrastructure\FastPay.Payments.Infrastructure\FastPay.Payments.Infrastructure.csproj", "{8F73B3D0-6ECC-4B4C-A820-44CA6C86A6F5}"
EndProject
Project("{FAE04EC0-301F-11D3-BF4B-00C04F79EFBC}") = "FastPay.Payments.WebUI", "Payments\WebUI\FastPay.Payments.WebUI\FastPay.Payments.WebUI.csproj", "{8AD1446A-F609-43F5-BA9E-19B4A72F3E51}"
EndProject
Global
	GlobalSection(SolutionConfigurationPlatforms) = preSolution
		Debug|Any CPU = Debug|Any CPU
		Release|Any CPU = Release|Any CPU
	EndGlobalSection
	GlobalSection(ProjectConfigurationPlatforms) = postSolution
		{E694B545-35C5-4494-83D1-8346DBE17FAD}.Debug|Any CPU.ActiveCfg = Debug|Any CPU
		{E694B545-35C5-4494-83D1-8346DBE17FAD}.Debug|Any CPU.Build.0 = Debug|Any CPU
		{E694B545-35C5-4494-83D1-8346DBE17FAD}.Release|Any CPU.ActiveCfg = Release|Any CPU
		{E694B545-35C5-4494-83D1-8346DBE17FAD}.Release|Any CPU.Build.0 = Release|Any CPU
		{624D77C9-A59F-46A3-821A-31F5E30ECB44}.Debug|Any CPU.ActiveCfg = Debug|Any CPU
		{624D77C9-A59F-46A3-821A-31F5E30ECB44}.Debug|Any CPU.Build.0 = Debug|Any CPU
		{624D77C9-A59F-46A3-821A-31F5E30ECB44}.Release|Any CPU.ActiveCfg = Release|Any CPU
		{624D77C9-A59F-46A3-821A-31F5E30ECB44}.Release|Any CPU.Build.0 = Release|Any CPU
		{90246AE8-A41A-42DB-8A8F-8731BE52ABE3}.Debug|Any CPU.ActiveCfg = Debug|Any CPU
		{90246AE8-A41A-42DB-8A8F-8731BE52ABE3}.Debug|Any CPU.Build.0 = Debug|Any CPU
		{90246AE8-A41A-42DB-8A8F-8731BE52ABE3}.Release|Any CPU.ActiveCfg = Release|Any CPU
		{90246AE8-A41A-42DB-8A8F-8731BE52ABE3}.Release|Any CPU.Build.0 = Release|Any CPU
		{069CDC94-5816-4A01-B492-1D713A2A17B3}.Debug|Any CPU.ActiveCfg = Debug|Any CPU
		{069CDC94-5816-4A01-B492-1D713A2A17B3}.Debug|Any CPU.Build.0 = Debug|Any CPU
		{069CDC94-5816-4A01-B492-1D713A2A17B3}.Release|Any CPU.ActiveCfg = Release|Any CPU
		{069CDC94-5816-4A01-B492-1D713A2A17B3}.Release|Any CPU.Build.0 = Release|Any CPU
		{5A8741B7-77E5-4E62-8A61-0EC8B20D44E5}.Debug|Any CPU.ActiveCfg = Debug|Any CPU
		{5A8741B7-77E5-4E62-8A61-0EC8B20D44E5}.Debug|Any CPU.Build.0 = Debug|Any CPU
		{5A8741B7-77E5-4E62-8A61-0EC8B20D44E5}.Release|Any CPU.ActiveCfg = Release|Any CPU
		{5A8741B7-77E5-4E62-8A61-0EC8B20D44E5}.Release|Any CPU.Build.0 = Release|Any CPU
		{852D5D3F-248F-4540-98F5-5D613121EC23}.Debug|Any CPU.ActiveCfg = Debug|Any CPU
		{852D5D3F-248F-4540-98F5-5D613121EC23}.Debug|Any CPU.Build.0 = Debug|Any CPU
		{852D5D3F-248F-4540-98F5-5D613121EC23}.Release|Any CPU.ActiveCfg = Release|Any CPU
		{852D5D3F-248F-4540-98F5-5D613121EC23}.Release|Any CPU.Build.0 = Release|Any CPU
		{860F2641-47C3-43F9-AED7-2BF235A4FDC2}.Debug|Any CPU.ActiveCfg = Debug|Any CPU
		{860F2641-47C3-43F9-AED7-2BF235A4FDC2}.Debug|Any CPU.Build.0 = Debug|Any CPU
		{860F2641-47C3-43F9-AED7-2BF235A4FDC2}.Release|Any CPU.ActiveCfg = Release|Any CPU
		{860F2641-47C3-43F9-AED7-2BF235A4FDC2}.Release|Any CPU.Build.0 = Release|Any CPU
		{8F73B3D0-6ECC-4B4C-A820-44CA6C86A6F5}.Debug|Any CPU.ActiveCfg = Debug|Any CPU
		{8F73B3D0-6ECC-4B4C-A820-44CA6C86A6F5}.Debug|Any CPU.Build.0 = Debug|Any CPU
		{8F73B3D0-6ECC-4B4C-A820-44CA6C86A6F5}.Release|Any CPU.ActiveCfg = Release|Any CPU
		{8F73B3D0-6ECC-4B4C-A820-44CA6C86A6F5}.Release|Any CPU.Build.0 = Release|Any CPU
		{8AD1446A-F609-43F5-BA9E-19B4A72F3E51}.Debug|Any CPU.ActiveCfg = Debug|Any CPU
		{8AD1446A-F609-43F5-BA9E-19B4A72F3E51}.Debug|Any CPU.Build.0 = Debug|Any CPU
		{8AD1446A-F609-43F5-BA9E-19B4A72F3E51}.Release|Any CPU.ActiveCfg = Release|Any CPU
		{8AD1446A-F609-43F5-BA9E-19B4A72F3E51}.Release|Any CPU.Build.0 = Release|Any CPU
	EndGlobalSection
	GlobalSection(SolutionProperties) = preSolution
		HideSolutionNode = FALSE
	EndGlobalSection
	GlobalSection(ExtensibilityGlobals) = postSolution
		SolutionGuid = {4C5240E5-7EF6-4BD7-B345-3E7B54324822}
	EndGlobalSection
	GlobalSection(NestedProjects) = preSolution
		{E694B545-35C5-4494-83D1-8346DBE17FAD} = {D5CDE747-F574-4596-A8A5-BD7F07B2B484}
		{42AA7F44-23EF-4442-B4FE-F000BCD72AE3} = {82B9C406-3435-49FA-94DD-1540E6A6CD88}
		{6756B5DD-890C-4C3D-9BD6-BA8E7793639F} = {82B9C406-3435-49FA-94DD-1540E6A6CD88}
		{24EAFB06-5246-4544-ADCC-098626E4D08E} = {82B9C406-3435-49FA-94DD-1540E6A6CD88}
		{F6897BDE-6FE3-4D6F-B055-AB85DED46FA7} = {82B9C406-3435-49FA-94DD-1540E6A6CD88}
		{624D77C9-A59F-46A3-821A-31F5E30ECB44} = {42AA7F44-23EF-4442-B4FE-F000BCD72AE3}
		{90246AE8-A41A-42DB-8A8F-8731BE52ABE3} = {6756B5DD-890C-4C3D-9BD6-BA8E7793639F}
		{069CDC94-5816-4A01-B492-1D713A2A17B3} = {24EAFB06-5246-4544-ADCC-098626E4D08E}
		{5A8741B7-77E5-4E62-8A61-0EC8B20D44E5} = {F6897BDE-6FE3-4D6F-B055-AB85DED46FA7}
		{999F2741-4C30-4356-B375-10E2EA279B00} = {D5CDE747-F574-4596-A8A5-BD7F07B2B484}
		{F9011136-8BDC-41B5-AD95-1A40891E2C0D} = {D5CDE747-F574-4596-A8A5-BD7F07B2B484}
		{1B8544BF-49DB-4BEF-83ED-5393D5FE4372} = {D5CDE747-F574-4596-A8A5-BD7F07B2B484}
		{CAB88CFC-988B-4BC4-988B-089D618F6035} = {D5CDE747-F574-4596-A8A5-BD7F07B2B484}
		{0511CC05-B19D-4D4D-826C-12F85681D120} = {999F2741-4C30-4356-B375-10E2EA279B00}
		{852D5D3F-248F-4540-98F5-5D613121EC23} = {999F2741-4C30-4356-B375-10E2EA279B00}
		{860F2641-47C3-43F9-AED7-2BF235A4FDC2} = {F9011136-8BDC-41B5-AD95-1A40891E2C0D}
		{8F73B3D0-6ECC-4B4C-A820-44CA6C86A6F5} = {1B8544BF-49DB-4BEF-83ED-5393D5FE4372}
		{8AD1446A-F609-43F5-BA9E-19B4A72F3E51} = {CAB88CFC-988B-4BC4-988B-089D618F6035}
	EndGlobalSection
EndGlobal
